// !$*UTF8*$!
{
	archiveVersion = 1;
	classes = {
	};
	objectVersion = 50;
	objects = {

/* Begin PBXBuildFile section */
		7C1E9B0722A860B500493882 /* AppDelegate.swift in Sources */ = {isa = PBXBuildFile; fileRef = 7C1E9B0622A860B500493882 /* AppDelegate.swift */; };
		7C1E9B0922A860B500493882 /* SceneDelegate.swift in Sources */ = {isa = PBXBuildFile; fileRef = 7C1E9B0822A860B500493882 /* SceneDelegate.swift */; };
		7C1E9B0D22A860B600493882 /* Assets.xcassets in Resources */ = {isa = PBXBuildFile; fileRef = 7C1E9B0C22A860B600493882 /* Assets.xcassets */; };
		7C1E9B1022A860B600493882 /* Preview Assets.xcassets in Resources */ = {isa = PBXBuildFile; fileRef = 7C1E9B0F22A860B600493882 /* Preview Assets.xcassets */; };
		7C1E9B1322A860B600493882 /* LaunchScreen.storyboard in Resources */ = {isa = PBXBuildFile; fileRef = 7C1E9B1122A860B600493882 /* LaunchScreen.storyboard */; };
		7C6174B122AD7AB600EFB46F /* landmarkData.json in Resources */ = {isa = PBXBuildFile; fileRef = 7C6174B022AD7AB600EFB46F /* landmarkData.json */; };
		7C6174B322AD7B3B00EFB46F /* charleyrivers.jpg in Resources */ = {isa = PBXBuildFile; fileRef = 7C6174B222AD7B3A00EFB46F /* charleyrivers.jpg */; };
		7C6174B522AD7D4200EFB46F /* UserData.swift in Sources */ = {isa = PBXBuildFile; fileRef = 7C6174B422AD7D4200EFB46F /* UserData.swift */; };
		7C6174B722AD852800EFB46F /* Badge.swift in Sources */ = {isa = PBXBuildFile; fileRef = 7C6174B622AD852800EFB46F /* Badge.swift */; };
		7C6174BA22AD860600EFB46F /* HexagonParameters.swift in Sources */ = {isa = PBXBuildFile; fileRef = 7C6174B922AD860600EFB46F /* HexagonParameters.swift */; };
		7C6174BC22AD881100EFB46F /* BadgeBackground.swift in Sources */ = {isa = PBXBuildFile; fileRef = 7C6174BB22AD881100EFB46F /* BadgeBackground.swift */; };
		7C6174BF22AD889E00EFB46F /* BadgeSymbol.swift in Sources */ = {isa = PBXBuildFile; fileRef = 7C6174BE22AD889E00EFB46F /* BadgeSymbol.swift */; };
		7C6174C122AD890F00EFB46F /* RotatedBadgeSymbol.swift in Sources */ = {isa = PBXBuildFile; fileRef = 7C6174C022AD890F00EFB46F /* RotatedBadgeSymbol.swift */; };
		7C67582722AE35C7008F6F4E /* HikeView.swift in Sources */ = {isa = PBXBuildFile; fileRef = 7C67582622AE35C7008F6F4E /* HikeView.swift */; };
		7C67582922AE36DB008F6F4E /* Hike.swift in Sources */ = {isa = PBXBuildFile; fileRef = 7C67582822AE36DB008F6F4E /* Hike.swift */; };
		7C67582B22AE370E008F6F4E /* HikeGraph.swift in Sources */ = {isa = PBXBuildFile; fileRef = 7C67582A22AE370E008F6F4E /* HikeGraph.swift */; };
		7C67582D22AE3722008F6F4E /* HikeDetail.swift in Sources */ = {isa = PBXBuildFile; fileRef = 7C67582C22AE3722008F6F4E /* HikeDetail.swift */; };
		7C67582F22AE3A29008F6F4E /* GraphCapsule.swift in Sources */ = {isa = PBXBuildFile; fileRef = 7C67582E22AE3A29008F6F4E /* GraphCapsule.swift */; };
		7C67583222AE3B06008F6F4E /* hikeData.json in Resources */ = {isa = PBXBuildFile; fileRef = 7C67583122AE3B06008F6F4E /* hikeData.json */; };
		7C67583522AE491C008F6F4E /* Home.swift in Sources */ = {isa = PBXBuildFile; fileRef = 7C67583422AE491C008F6F4E /* Home.swift */; };
		7C67583822AE49DA008F6F4E /* CategoryRow.swift in Sources */ = {isa = PBXBuildFile; fileRef = 7C67583722AE49DA008F6F4E /* CategoryRow.swift */; };
		7C67583A22AE4AB2008F6F4E /* CategoryItem.swift in Sources */ = {isa = PBXBuildFile; fileRef = 7C67583922AE4AB2008F6F4E /* CategoryItem.swift */; };
		7C67583C22AE4B06008F6F4E /* FeaturedLandmarks.swift in Sources */ = {isa = PBXBuildFile; fileRef = 7C67583B22AE4B06008F6F4E /* FeaturedLandmarks.swift */; };
		7C67583F22AE4DD1008F6F4E /* ProfileHost.swift in Sources */ = {isa = PBXBuildFile; fileRef = 7C67583E22AE4DD1008F6F4E /* ProfileHost.swift */; };
		7C67584122AE4E0E008F6F4E /* Profile.swift in Sources */ = {isa = PBXBuildFile; fileRef = 7C67584022AE4E0E008F6F4E /* Profile.swift */; };
		7C67584322AE553A008F6F4E /* ProfileSummary.swift in Sources */ = {isa = PBXBuildFile; fileRef = 7C67584222AE553A008F6F4E /* ProfileSummary.swift */; };
		7C67584522AE55A9008F6F4E /* HikeBadge.swift in Sources */ = {isa = PBXBuildFile; fileRef = 7C67584422AE55A9008F6F4E /* HikeBadge.swift */; };
		7C67584722AE5703008F6F4E /* ProfileEditor.swift in Sources */ = {isa = PBXBuildFile; fileRef = 7C67584622AE5703008F6F4E /* ProfileEditor.swift */; };
		7C67584922AE59A9008F6F4E /* PageViewController.swift in Sources */ = {isa = PBXBuildFile; fileRef = 7C67584822AE59A9008F6F4E /* PageViewController.swift */; };
		7CE2F7B722ABBF1A0037569D /* MapView.swift in Sources */ = {isa = PBXBuildFile; fileRef = 7CE2F7B622ABBF1A0037569D /* MapView.swift */; };
		7CE2F7BA22ABD5700037569D /* Landmark.swift in Sources */ = {isa = PBXBuildFile; fileRef = 7CE2F7B922ABD5700037569D /* Landmark.swift */; };
		7CE2F7BC22ABD8700037569D /* ImageStore.swift in Sources */ = {isa = PBXBuildFile; fileRef = 7CE2F7BB22ABD8700037569D /* ImageStore.swift */; };
		7CE2F7CB22ABD8FD0037569D /* silversalmoncreek.jpg in Resources */ = {isa = PBXBuildFile; fileRef = 7CE2F7BE22ABD8FC0037569D /* silversalmoncreek.jpg */; };
		7CE2F7CC22ABD8FD0037569D /* rainbowlake.jpg in Resources */ = {isa = PBXBuildFile; fileRef = 7CE2F7BF22ABD8FC0037569D /* rainbowlake.jpg */; };
		7CE2F7CD22ABD8FD0037569D /* lakemcdonald.jpg in Resources */ = {isa = PBXBuildFile; fileRef = 7CE2F7C022ABD8FD0037569D /* lakemcdonald.jpg */; };
		7CE2F7CE22ABD8FD0037569D /* icybay.jpg in Resources */ = {isa = PBXBuildFile; fileRef = 7CE2F7C122ABD8FD0037569D /* icybay.jpg */; };
		7CE2F7CF22ABD8FD0037569D /* stmarylake.jpg in Resources */ = {isa = PBXBuildFile; fileRef = 7CE2F7C222ABD8FD0037569D /* stmarylake.jpg */; };
		7CE2F7D022ABD8FD0037569D /* twinlake.jpg in Resources */ = {isa = PBXBuildFile; fileRef = 7CE2F7C322ABD8FD0037569D /* twinlake.jpg */; };
		7CE2F7D122ABD8FD0037569D /* turtlerock.jpg in Resources */ = {isa = PBXBuildFile; fileRef = 7CE2F7C422ABD8FD0037569D /* turtlerock.jpg */; };
		7CE2F7D322ABD8FD0037569D /* chincoteague.jpg in Resources */ = {isa = PBXBuildFile; fileRef = 7CE2F7C622ABD8FD0037569D /* chincoteague.jpg */; };
		7CE2F7D422ABD8FD0037569D /* chilkoottrail.jpg in Resources */ = {isa = PBXBuildFile; fileRef = 7CE2F7C722ABD8FD0037569D /* chilkoottrail.jpg */; };
		7CE2F7D522ABD8FD0037569D /* hiddenlake.jpg in Resources */ = {isa = PBXBuildFile; fileRef = 7CE2F7C822ABD8FD0037569D /* hiddenlake.jpg */; };
		7CE2F7D622ABD8FD0037569D /* yukon_charleyrivers.jpg in Resources */ = {isa = PBXBuildFile; fileRef = 7CE2F7C922ABD8FD0037569D /* yukon_charleyrivers.jpg */; };
		7CE2F7D722ABD8FD0037569D /* umbagog.jpg in Resources */ = {isa = PBXBuildFile; fileRef = 7CE2F7CA22ABD8FD0037569D /* umbagog.jpg */; };
		7CE2F7D922ABD9210037569D /* LandmarkDetail.swift in Sources */ = {isa = PBXBuildFile; fileRef = 7CE2F7D822ABD9210037569D /* LandmarkDetail.swift */; };
		7CE2F7DC22ABDA080037569D /* LandmarkRow.swift in Sources */ = {isa = PBXBuildFile; fileRef = 7CE2F7DB22ABDA080037569D /* LandmarkRow.swift */; };
		7CE2F7DF22ABE05B0037569D /* LandmarkList.swift in Sources */ = {isa = PBXBuildFile; fileRef = 7CE2F7DE22ABE05B0037569D /* LandmarkList.swift */; };
		9CBC45DC22AAAEED0081E9F0 /* CircleImage.swift in Sources */ = {isa = PBXBuildFile; fileRef = 9CBC45DB22AAAEED0081E9F0 /* CircleImage.swift */; };
		9CBC45DF22AAAF100081E9F0 /* LandmarkDetailsView.swift in Sources */ = {isa = PBXBuildFile; fileRef = 9CBC45DE22AAAF100081E9F0 /* LandmarkDetailsView.swift */; };
/* End PBXBuildFile section */

/* Begin PBXFileReference section */
		7C1E9B0322A860B500493882 /* swift-ui-training.app */ = {isa = PBXFileReference; explicitFileType = wrapper.application; includeInIndex = 0; path = "swift-ui-training.app"; sourceTree = BUILT_PRODUCTS_DIR; };
		7C1E9B0622A860B500493882 /* AppDelegate.swift */ = {isa = PBXFileReference; lastKnownFileType = sourcecode.swift; path = AppDelegate.swift; sourceTree = "<group>"; };
		7C1E9B0822A860B500493882 /* SceneDelegate.swift */ = {isa = PBXFileReference; lastKnownFileType = sourcecode.swift; path = SceneDelegate.swift; sourceTree = "<group>"; };
		7C1E9B0C22A860B600493882 /* Assets.xcassets */ = {isa = PBXFileReference; lastKnownFileType = folder.assetcatalog; path = Assets.xcassets; sourceTree = "<group>"; };
		7C1E9B0F22A860B600493882 /* Preview Assets.xcassets */ = {isa = PBXFileReference; lastKnownFileType = folder.assetcatalog; path = "Preview Assets.xcassets"; sourceTree = "<group>"; };
		7C1E9B1222A860B600493882 /* Base */ = {isa = PBXFileReference; lastKnownFileType = file.storyboard; name = Base; path = Base.lproj/LaunchScreen.storyboard; sourceTree = "<group>"; };
		7C1E9B1422A860B600493882 /* Info.plist */ = {isa = PBXFileReference; lastKnownFileType = text.plist.xml; path = Info.plist; sourceTree = "<group>"; };
		7C6174B022AD7AB600EFB46F /* landmarkData.json */ = {isa = PBXFileReference; fileEncoding = 4; lastKnownFileType = text.json; path = landmarkData.json; sourceTree = "<group>"; };
		7C6174B222AD7B3A00EFB46F /* charleyrivers.jpg */ = {isa = PBXFileReference; lastKnownFileType = image.jpeg; path = charleyrivers.jpg; sourceTree = "<group>"; };
		7C6174B422AD7D4200EFB46F /* UserData.swift */ = {isa = PBXFileReference; lastKnownFileType = sourcecode.swift; path = UserData.swift; sourceTree = "<group>"; };
		7C6174B622AD852800EFB46F /* Badge.swift */ = {isa = PBXFileReference; lastKnownFileType = sourcecode.swift; path = Badge.swift; sourceTree = "<group>"; };
		7C6174B922AD860600EFB46F /* HexagonParameters.swift */ = {isa = PBXFileReference; lastKnownFileType = sourcecode.swift; path = HexagonParameters.swift; sourceTree = "<group>"; };
		7C6174BB22AD881100EFB46F /* BadgeBackground.swift */ = {isa = PBXFileReference; lastKnownFileType = sourcecode.swift; path = BadgeBackground.swift; sourceTree = "<group>"; };
		7C6174BE22AD889E00EFB46F /* BadgeSymbol.swift */ = {isa = PBXFileReference; lastKnownFileType = sourcecode.swift; path = BadgeSymbol.swift; sourceTree = "<group>"; };
		7C6174C022AD890F00EFB46F /* RotatedBadgeSymbol.swift */ = {isa = PBXFileReference; lastKnownFileType = sourcecode.swift; path = RotatedBadgeSymbol.swift; sourceTree = "<group>"; };
		7C67582622AE35C7008F6F4E /* HikeView.swift */ = {isa = PBXFileReference; lastKnownFileType = sourcecode.swift; path = HikeView.swift; sourceTree = "<group>"; };
		7C67582822AE36DB008F6F4E /* Hike.swift */ = {isa = PBXFileReference; fileEncoding = 4; lastKnownFileType = sourcecode.swift; path = Hike.swift; sourceTree = "<group>"; };
		7C67582A22AE370E008F6F4E /* HikeGraph.swift */ = {isa = PBXFileReference; fileEncoding = 4; lastKnownFileType = sourcecode.swift; path = HikeGraph.swift; sourceTree = "<group>"; };
		7C67582C22AE3722008F6F4E /* HikeDetail.swift */ = {isa = PBXFileReference; fileEncoding = 4; lastKnownFileType = sourcecode.swift; path = HikeDetail.swift; sourceTree = "<group>"; };
		7C67582E22AE3A29008F6F4E /* GraphCapsule.swift */ = {isa = PBXFileReference; fileEncoding = 4; lastKnownFileType = sourcecode.swift; path = GraphCapsule.swift; sourceTree = "<group>"; };
		7C67583122AE3B06008F6F4E /* hikeData.json */ = {isa = PBXFileReference; fileEncoding = 4; lastKnownFileType = text.json; path = hikeData.json; sourceTree = "<group>"; };
		7C67583422AE491C008F6F4E /* Home.swift */ = {isa = PBXFileReference; lastKnownFileType = sourcecode.swift; path = Home.swift; sourceTree = "<group>"; };
		7C67583722AE49DA008F6F4E /* CategoryRow.swift */ = {isa = PBXFileReference; lastKnownFileType = sourcecode.swift; path = CategoryRow.swift; sourceTree = "<group>"; };
		7C67583922AE4AB2008F6F4E /* CategoryItem.swift */ = {isa = PBXFileReference; lastKnownFileType = sourcecode.swift; path = CategoryItem.swift; sourceTree = "<group>"; };
		7C67583B22AE4B06008F6F4E /* FeaturedLandmarks.swift */ = {isa = PBXFileReference; lastKnownFileType = sourcecode.swift; path = FeaturedLandmarks.swift; sourceTree = "<group>"; };
		7C67583E22AE4DD1008F6F4E /* ProfileHost.swift */ = {isa = PBXFileReference; lastKnownFileType = sourcecode.swift; path = ProfileHost.swift; sourceTree = "<group>"; };
		7C67584022AE4E0E008F6F4E /* Profile.swift */ = {isa = PBXFileReference; fileEncoding = 4; lastKnownFileType = sourcecode.swift; path = Profile.swift; sourceTree = "<group>"; };
		7C67584222AE553A008F6F4E /* ProfileSummary.swift */ = {isa = PBXFileReference; lastKnownFileType = sourcecode.swift; path = ProfileSummary.swift; sourceTree = "<group>"; };
		7C67584422AE55A9008F6F4E /* HikeBadge.swift */ = {isa = PBXFileReference; lastKnownFileType = sourcecode.swift; path = HikeBadge.swift; sourceTree = "<group>"; };
		7C67584622AE5703008F6F4E /* ProfileEditor.swift */ = {isa = PBXFileReference; lastKnownFileType = sourcecode.swift; path = ProfileEditor.swift; sourceTree = "<group>"; };
		7C67584822AE59A9008F6F4E /* PageViewController.swift */ = {isa = PBXFileReference; lastKnownFileType = sourcecode.swift; path = PageViewController.swift; sourceTree = "<group>"; };
		7CE2F7B622ABBF1A0037569D /* MapView.swift */ = {isa = PBXFileReference; lastKnownFileType = sourcecode.swift; path = MapView.swift; sourceTree = "<group>"; };
		7CE2F7B922ABD5700037569D /* Landmark.swift */ = {isa = PBXFileReference; lastKnownFileType = sourcecode.swift; path = Landmark.swift; sourceTree = "<group>"; };
		7CE2F7BB22ABD8700037569D /* ImageStore.swift */ = {isa = PBXFileReference; lastKnownFileType = sourcecode.swift; path = ImageStore.swift; sourceTree = "<group>"; };
		7CE2F7BE22ABD8FC0037569D /* silversalmoncreek.jpg */ = {isa = PBXFileReference; lastKnownFileType = image.jpeg; path = silversalmoncreek.jpg; sourceTree = "<group>"; };
		7CE2F7BF22ABD8FC0037569D /* rainbowlake.jpg */ = {isa = PBXFileReference; lastKnownFileType = image.jpeg; path = rainbowlake.jpg; sourceTree = "<group>"; };
		7CE2F7C022ABD8FD0037569D /* lakemcdonald.jpg */ = {isa = PBXFileReference; lastKnownFileType = image.jpeg; path = lakemcdonald.jpg; sourceTree = "<group>"; };
		7CE2F7C122ABD8FD0037569D /* icybay.jpg */ = {isa = PBXFileReference; lastKnownFileType = image.jpeg; path = icybay.jpg; sourceTree = "<group>"; };
		7CE2F7C222ABD8FD0037569D /* stmarylake.jpg */ = {isa = PBXFileReference; lastKnownFileType = image.jpeg; path = stmarylake.jpg; sourceTree = "<group>"; };
		7CE2F7C322ABD8FD0037569D /* twinlake.jpg */ = {isa = PBXFileReference; lastKnownFileType = image.jpeg; path = twinlake.jpg; sourceTree = "<group>"; };
		7CE2F7C422ABD8FD0037569D /* turtlerock.jpg */ = {isa = PBXFileReference; lastKnownFileType = image.jpeg; path = turtlerock.jpg; sourceTree = "<group>"; };
		7CE2F7C622ABD8FD0037569D /* chincoteague.jpg */ = {isa = PBXFileReference; lastKnownFileType = image.jpeg; path = chincoteague.jpg; sourceTree = "<group>"; };
		7CE2F7C722ABD8FD0037569D /* chilkoottrail.jpg */ = {isa = PBXFileReference; lastKnownFileType = image.jpeg; path = chilkoottrail.jpg; sourceTree = "<group>"; };
		7CE2F7C822ABD8FD0037569D /* hiddenlake.jpg */ = {isa = PBXFileReference; lastKnownFileType = image.jpeg; path = hiddenlake.jpg; sourceTree = "<group>"; };
		7CE2F7C922ABD8FD0037569D /* yukon_charleyrivers.jpg */ = {isa = PBXFileReference; lastKnownFileType = image.jpeg; path = yukon_charleyrivers.jpg; sourceTree = "<group>"; };
		7CE2F7CA22ABD8FD0037569D /* umbagog.jpg */ = {isa = PBXFileReference; lastKnownFileType = image.jpeg; path = umbagog.jpg; sourceTree = "<group>"; };
		7CE2F7D822ABD9210037569D /* LandmarkDetail.swift */ = {isa = PBXFileReference; lastKnownFileType = sourcecode.swift; path = LandmarkDetail.swift; sourceTree = "<group>"; };
		7CE2F7DB22ABDA080037569D /* LandmarkRow.swift */ = {isa = PBXFileReference; lastKnownFileType = sourcecode.swift; path = LandmarkRow.swift; sourceTree = "<group>"; };
		7CE2F7DE22ABE05B0037569D /* LandmarkList.swift */ = {isa = PBXFileReference; lastKnownFileType = sourcecode.swift; path = LandmarkList.swift; sourceTree = "<group>"; };
		9CBC45DB22AAAEED0081E9F0 /* CircleImage.swift */ = {isa = PBXFileReference; fileEncoding = 4; lastKnownFileType = sourcecode.swift; path = CircleImage.swift; sourceTree = "<group>"; };
		9CBC45DE22AAAF100081E9F0 /* LandmarkDetailsView.swift */ = {isa = PBXFileReference; fileEncoding = 4; lastKnownFileType = sourcecode.swift; path = LandmarkDetailsView.swift; sourceTree = "<group>"; };
/* End PBXFileReference section */

/* Begin PBXFrameworksBuildPhase section */
		7C1E9B0022A860B500493882 /* Frameworks */ = {
			isa = PBXFrameworksBuildPhase;
			buildActionMask = 2147483647;
			files = (
			);
			runOnlyForDeploymentPostprocessing = 0;
		};
/* End PBXFrameworksBuildPhase section */

/* Begin PBXGroup section */
		7C1E9AFA22A860B500493882 = {
			isa = PBXGroup;
			children = (
				7C1E9B0522A860B500493882 /* swift-ui-training */,
				7C1E9B0422A860B500493882 /* Products */,
			);
			sourceTree = "<group>";
		};
		7C1E9B0422A860B500493882 /* Products */ = {
			isa = PBXGroup;
			children = (
				7C1E9B0322A860B500493882 /* swift-ui-training.app */,
			);
			name = Products;
			sourceTree = "<group>";
		};
		7C1E9B0522A860B500493882 /* swift-ui-training */ = {
			isa = PBXGroup;
			children = (
				7C6174B822AD85EC00EFB46F /* Helpers */,
				7CE2F7BD22ABD8E00037569D /* Resources */,
				7CE2F7B822ABD55A0037569D /* Models */,
				9CBC45DD22AAAEF30081E9F0 /* ControllerViews */,
				9CBC45DA22AAAED10081E9F0 /* CustomViews */,
				7C1E9B0622A860B500493882 /* AppDelegate.swift */,
				7C1E9B0822A860B500493882 /* SceneDelegate.swift */,
				7C1E9B1122A860B600493882 /* LaunchScreen.storyboard */,
				7C1E9B0C22A860B600493882 /* Assets.xcassets */,
				7C1E9B1422A860B600493882 /* Info.plist */,
				7C1E9B0E22A860B600493882 /* Preview Content */,
			);
			path = "swift-ui-training";
			sourceTree = "<group>";
		};
		7C1E9B0E22A860B600493882 /* Preview Content */ = {
			isa = PBXGroup;
			children = (
				7C1E9B0F22A860B600493882 /* Preview Assets.xcassets */,
			);
			path = "Preview Content";
			sourceTree = "<group>";
		};
		7C6174B822AD85EC00EFB46F /* Helpers */ = {
			isa = PBXGroup;
			children = (
				7C6174B922AD860600EFB46F /* HexagonParameters.swift */,
			);
			path = Helpers;
			sourceTree = "<group>";
		};
		7C6174BD22AD888200EFB46F /* Drawing */ = {
			isa = PBXGroup;
			children = (
				7C6174B622AD852800EFB46F /* Badge.swift */,
				7C6174BB22AD881100EFB46F /* BadgeBackground.swift */,
				7C6174BE22AD889E00EFB46F /* BadgeSymbol.swift */,
				7C6174C022AD890F00EFB46F /* RotatedBadgeSymbol.swift */,
				7C67584422AE55A9008F6F4E /* HikeBadge.swift */,
			);
			path = Drawing;
			sourceTree = "<group>";
		};
		7C67582522AE35A7008F6F4E /* CustomAnimations */ = {
			isa = PBXGroup;
			children = (
				7C67582622AE35C7008F6F4E /* HikeView.swift */,
				7C67582C22AE3722008F6F4E /* HikeDetail.swift */,
				7C67582A22AE370E008F6F4E /* HikeGraph.swift */,
				7C67582E22AE3A29008F6F4E /* GraphCapsule.swift */,
			);
			path = CustomAnimations;
			sourceTree = "<group>";
		};
		7C67583022AE3AF3008F6F4E /* Images */ = {
			isa = PBXGroup;
			children = (
				7CE2F7C722ABD8FD0037569D /* chilkoottrail.jpg */,
				7C6174B222AD7B3A00EFB46F /* charleyrivers.jpg */,
				7CE2F7C622ABD8FD0037569D /* chincoteague.jpg */,
				7CE2F7C822ABD8FD0037569D /* hiddenlake.jpg */,
				7CE2F7C122ABD8FD0037569D /* icybay.jpg */,
				7CE2F7C022ABD8FD0037569D /* lakemcdonald.jpg */,
				7CE2F7BF22ABD8FC0037569D /* rainbowlake.jpg */,
				7CE2F7BE22ABD8FC0037569D /* silversalmoncreek.jpg */,
				7CE2F7C222ABD8FD0037569D /* stmarylake.jpg */,
				7CE2F7C422ABD8FD0037569D /* turtlerock.jpg */,
				7CE2F7C322ABD8FD0037569D /* twinlake.jpg */,
				7CE2F7CA22ABD8FD0037569D /* umbagog.jpg */,
				7CE2F7C922ABD8FD0037569D /* yukon_charleyrivers.jpg */,
			);
			path = Images;
			sourceTree = "<group>";
		};
		7C67583322AE490A008F6F4E /* Home */ = {
			isa = PBXGroup;
			children = (
				7C67583422AE491C008F6F4E /* Home.swift */,
			);
			path = Home;
			sourceTree = "<group>";
		};
		7C67583622AE49CB008F6F4E /* Landmarks */ = {
			isa = PBXGroup;
			children = (
				9CBC45DB22AAAEED0081E9F0 /* CircleImage.swift */,
				7CE2F7B622ABBF1A0037569D /* MapView.swift */,
				7CE2F7D822ABD9210037569D /* LandmarkDetail.swift */,
				7C67583722AE49DA008F6F4E /* CategoryRow.swift */,
				7C67583922AE4AB2008F6F4E /* CategoryItem.swift */,
				7C67583B22AE4B06008F6F4E /* FeaturedLandmarks.swift */,
			);
			path = Landmarks;
			sourceTree = "<group>";
		};
		7C67583D22AE4DC7008F6F4E /* UserProfile */ = {
			isa = PBXGroup;
			children = (
				7C67583E22AE4DD1008F6F4E /* ProfileHost.swift */,
				7C67584222AE553A008F6F4E /* ProfileSummary.swift */,
				7C67584622AE5703008F6F4E /* ProfileEditor.swift */,
			);
			path = UserProfile;
			sourceTree = "<group>";
		};
		7CE2F7B822ABD55A0037569D /* Models */ = {
			isa = PBXGroup;
			children = (
				7C67582822AE36DB008F6F4E /* Hike.swift */,
				7CE2F7B922ABD5700037569D /* Landmark.swift */,
				7C67584022AE4E0E008F6F4E /* Profile.swift */,
				7CE2F7BB22ABD8700037569D /* ImageStore.swift */,
				7C6174B422AD7D4200EFB46F /* UserData.swift */,
			);
			path = Models;
			sourceTree = "<group>";
		};
		7CE2F7BD22ABD8E00037569D /* Resources */ = {
			isa = PBXGroup;
			children = (
				7C67583022AE3AF3008F6F4E /* Images */,
				7C6174B022AD7AB600EFB46F /* landmarkData.json */,
				7C67583122AE3B06008F6F4E /* hikeData.json */,
			);
			path = Resources;
			sourceTree = "<group>";
		};
		7CE2F7DA22ABD9B80037569D /* LandmarkDetails */ = {
			isa = PBXGroup;
			children = (
				9CBC45DE22AAAF100081E9F0 /* LandmarkDetailsView.swift */,
				7CE2F7DB22ABDA080037569D /* LandmarkRow.swift */,
			);
			path = LandmarkDetails;
			sourceTree = "<group>";
		};
		7CE2F7DD22ABE0440037569D /* LandmarkList */ = {
			isa = PBXGroup;
			children = (
				7CE2F7DE22ABE05B0037569D /* LandmarkList.swift */,
				7C67584822AE59A9008F6F4E /* PageViewController.swift */,
			);
			path = LandmarkList;
			sourceTree = "<group>";
		};
		9CBC45DA22AAAED10081E9F0 /* CustomViews */ = {
			isa = PBXGroup;
			children = (
				7C67583622AE49CB008F6F4E /* Landmarks */,
				7C67582522AE35A7008F6F4E /* CustomAnimations */,
				7C6174BD22AD888200EFB46F /* Drawing */,
			);
			path = CustomViews;
			sourceTree = "<group>";
		};
		9CBC45DD22AAAEF30081E9F0 /* ControllerViews */ = {
			isa = PBXGroup;
			children = (
				7C67583D22AE4DC7008F6F4E /* UserProfile */,
				7C67583322AE490A008F6F4E /* Home */,
				7CE2F7DD22ABE0440037569D /* LandmarkList */,
				7CE2F7DA22ABD9B80037569D /* LandmarkDetails */,
			);
			path = ControllerViews;
			sourceTree = "<group>";
		};
/* End PBXGroup section */

/* Begin PBXNativeTarget section */
		7C1E9B0222A860B500493882 /* swift-ui-training */ = {
			isa = PBXNativeTarget;
			buildConfigurationList = 7C1E9B1722A860B600493882 /* Build configuration list for PBXNativeTarget "swift-ui-training" */;
			buildPhases = (
				7C1E9AFF22A860B500493882 /* Sources */,
				7C1E9B0022A860B500493882 /* Frameworks */,
				7C1E9B0122A860B500493882 /* Resources */,
			);
			buildRules = (
			);
			dependencies = (
			);
			name = "swift-ui-training";
			productName = "swift-ui-training";
			productReference = 7C1E9B0322A860B500493882 /* swift-ui-training.app */;
			productType = "com.apple.product-type.application";
		};
/* End PBXNativeTarget section */

/* Begin PBXProject section */
		7C1E9AFB22A860B500493882 /* Project object */ = {
			isa = PBXProject;
			attributes = {
				LastSwiftUpdateCheck = 1100;
				LastUpgradeCheck = 1100;
				ORGANIZATIONNAME = serglam;
				TargetAttributes = {
					7C1E9B0222A860B500493882 = {
						CreatedOnToolsVersion = 11.0;
					};
				};
			};
			buildConfigurationList = 7C1E9AFE22A860B500493882 /* Build configuration list for PBXProject "swift-ui-training" */;
			compatibilityVersion = "Xcode 9.3";
			developmentRegion = en;
			hasScannedForEncodings = 0;
			knownRegions = (
				en,
				Base,
			);
			mainGroup = 7C1E9AFA22A860B500493882;
			productRefGroup = 7C1E9B0422A860B500493882 /* Products */;
			projectDirPath = "";
			projectRoot = "";
			targets = (
				7C1E9B0222A860B500493882 /* swift-ui-training */,
			);
		};
/* End PBXProject section */

/* Begin PBXResourcesBuildPhase section */
		7C1E9B0122A860B500493882 /* Resources */ = {
			isa = PBXResourcesBuildPhase;
			buildActionMask = 2147483647;
			files = (
				7CE2F7CD22ABD8FD0037569D /* lakemcdonald.jpg in Resources */,
				7C1E9B1322A860B600493882 /* LaunchScreen.storyboard in Resources */,
				7CE2F7CF22ABD8FD0037569D /* stmarylake.jpg in Resources */,
				7CE2F7D622ABD8FD0037569D /* yukon_charleyrivers.jpg in Resources */,
				7C67583222AE3B06008F6F4E /* hikeData.json in Resources */,
				7CE2F7CC22ABD8FD0037569D /* rainbowlake.jpg in Resources */,
				7CE2F7D122ABD8FD0037569D /* turtlerock.jpg in Resources */,
				7CE2F7D522ABD8FD0037569D /* hiddenlake.jpg in Resources */,
				7C6174B322AD7B3B00EFB46F /* charleyrivers.jpg in Resources */,
				7CE2F7D422ABD8FD0037569D /* chilkoottrail.jpg in Resources */,
				7CE2F7D322ABD8FD0037569D /* chincoteague.jpg in Resources */,
				7CE2F7CB22ABD8FD0037569D /* silversalmoncreek.jpg in Resources */,
				7C1E9B1022A860B600493882 /* Preview Assets.xcassets in Resources */,
				7CE2F7D722ABD8FD0037569D /* umbagog.jpg in Resources */,
				7CE2F7D022ABD8FD0037569D /* twinlake.jpg in Resources */,
				7C6174B122AD7AB600EFB46F /* landmarkData.json in Resources */,
				7CE2F7CE22ABD8FD0037569D /* icybay.jpg in Resources */,
				7C1E9B0D22A860B600493882 /* Assets.xcassets in Resources */,
			);
			runOnlyForDeploymentPostprocessing = 0;
		};
/* End PBXResourcesBuildPhase section */

/* Begin PBXSourcesBuildPhase section */
		7C1E9AFF22A860B500493882 /* Sources */ = {
			isa = PBXSourcesBuildPhase;
			buildActionMask = 2147483647;
			files = (
				7CE2F7D922ABD9210037569D /* LandmarkDetail.swift in Sources */,
				7C6174B722AD852800EFB46F /* Badge.swift in Sources */,
				7C67584722AE5703008F6F4E /* ProfileEditor.swift in Sources */,
				7C67584322AE553A008F6F4E /* ProfileSummary.swift in Sources */,
				7C1E9B0722A860B500493882 /* AppDelegate.swift in Sources */,
				7C1E9B0922A860B500493882 /* SceneDelegate.swift in Sources */,
				7C67582B22AE370E008F6F4E /* HikeGraph.swift in Sources */,
				7C67583F22AE4DD1008F6F4E /* ProfileHost.swift in Sources */,
				7CE2F7B722ABBF1A0037569D /* MapView.swift in Sources */,
				7C67583822AE49DA008F6F4E /* CategoryRow.swift in Sources */,
				7C67582722AE35C7008F6F4E /* HikeView.swift in Sources */,
				7C67582922AE36DB008F6F4E /* Hike.swift in Sources */,
				9CBC45DF22AAAF100081E9F0 /* LandmarkDetailsView.swift in Sources */,
				7C67583A22AE4AB2008F6F4E /* CategoryItem.swift in Sources */,
				7C67584922AE59A9008F6F4E /* PageViewController.swift in Sources */,
				7C6174B522AD7D4200EFB46F /* UserData.swift in Sources */,
				9CBC45DC22AAAEED0081E9F0 /* CircleImage.swift in Sources */,
				7C6174BF22AD889E00EFB46F /* BadgeSymbol.swift in Sources */,
				7CE2F7BC22ABD8700037569D /* ImageStore.swift in Sources */,
				7C6174BC22AD881100EFB46F /* BadgeBackground.swift in Sources */,
				7C67583522AE491C008F6F4E /* Home.swift in Sources */,
				7C6174BA22AD860600EFB46F /* HexagonParameters.swift in Sources */,
				7CE2F7BA22ABD5700037569D /* Landmark.swift in Sources */,
				7C67584522AE55A9008F6F4E /* HikeBadge.swift in Sources */,
				7CE2F7DC22ABDA080037569D /* LandmarkRow.swift in Sources */,
				7CE2F7DF22ABE05B0037569D /* LandmarkList.swift in Sources */,
				7C67583C22AE4B06008F6F4E /* FeaturedLandmarks.swift in Sources */,
				7C6174C122AD890F00EFB46F /* RotatedBadgeSymbol.swift in Sources */,
				7C67582D22AE3722008F6F4E /* HikeDetail.swift in Sources */,
				7C67584122AE4E0E008F6F4E /* Profile.swift in Sources */,
				7C67582F22AE3A29008F6F4E /* GraphCapsule.swift in Sources */,
			);
			runOnlyForDeploymentPostprocessing = 0;
		};
/* End PBXSourcesBuildPhase section */

/* Begin PBXVariantGroup section */
		7C1E9B1122A860B600493882 /* LaunchScreen.storyboard */ = {
			isa = PBXVariantGroup;
			children = (
				7C1E9B1222A860B600493882 /* Base */,
			);
			name = LaunchScreen.storyboard;
			sourceTree = "<group>";
		};
/* End PBXVariantGroup section */

/* Begin XCBuildConfiguration section */
		7C1E9B1522A860B600493882 /* Debug */ = {
			isa = XCBuildConfiguration;
			buildSettings = {
				ALWAYS_SEARCH_USER_PATHS = NO;
				CLANG_ANALYZER_NONNULL = YES;
				CLANG_ANALYZER_NUMBER_OBJECT_CONVERSION = YES_AGGRESSIVE;
				CLANG_CXX_LANGUAGE_STANDARD = "gnu++14";
				CLANG_CXX_LIBRARY = "libc++";
				CLANG_ENABLE_MODULES = YES;
				CLANG_ENABLE_OBJC_ARC = YES;
				CLANG_ENABLE_OBJC_WEAK = YES;
				CLANG_WARN_BLOCK_CAPTURE_AUTORELEASING = YES;
				CLANG_WARN_BOOL_CONVERSION = YES;
				CLANG_WARN_COMMA = YES;
				CLANG_WARN_CONSTANT_CONVERSION = YES;
				CLANG_WARN_DEPRECATED_OBJC_IMPLEMENTATIONS = YES;
				CLANG_WARN_DIRECT_OBJC_ISA_USAGE = YES_ERROR;
				CLANG_WARN_DOCUMENTATION_COMMENTS = YES;
				CLANG_WARN_EMPTY_BODY = YES;
				CLANG_WARN_ENUM_CONVERSION = YES;
				CLANG_WARN_INFINITE_RECURSION = YES;
				CLANG_WARN_INT_CONVERSION = YES;
				CLANG_WARN_NON_LITERAL_NULL_CONVERSION = YES;
				CLANG_WARN_OBJC_IMPLICIT_RETAIN_SELF = YES;
				CLANG_WARN_OBJC_LITERAL_CONVERSION = YES;
				CLANG_WARN_OBJC_ROOT_CLASS = YES_ERROR;
				CLANG_WARN_RANGE_LOOP_ANALYSIS = YES;
				CLANG_WARN_STRICT_PROTOTYPES = YES;
				CLANG_WARN_SUSPICIOUS_MOVE = YES;
				CLANG_WARN_UNGUARDED_AVAILABILITY = YES_AGGRESSIVE;
				CLANG_WARN_UNREACHABLE_CODE = YES;
				CLANG_WARN__DUPLICATE_METHOD_MATCH = YES;
				COPY_PHASE_STRIP = NO;
				DEBUG_INFORMATION_FORMAT = dwarf;
				ENABLE_STRICT_OBJC_MSGSEND = YES;
				ENABLE_TESTABILITY = YES;
				GCC_C_LANGUAGE_STANDARD = gnu11;
				GCC_DYNAMIC_NO_PIC = NO;
				GCC_NO_COMMON_BLOCKS = YES;
				GCC_OPTIMIZATION_LEVEL = 0;
				GCC_PREPROCESSOR_DEFINITIONS = (
					"DEBUG=1",
					"$(inherited)",
				);
				GCC_WARN_64_TO_32_BIT_CONVERSION = YES;
				GCC_WARN_ABOUT_RETURN_TYPE = YES_ERROR;
				GCC_WARN_UNDECLARED_SELECTOR = YES;
				GCC_WARN_UNINITIALIZED_AUTOS = YES_AGGRESSIVE;
				GCC_WARN_UNUSED_FUNCTION = YES;
				GCC_WARN_UNUSED_VARIABLE = YES;
				IPHONEOS_DEPLOYMENT_TARGET = 13.0;
				MTL_ENABLE_DEBUG_INFO = INCLUDE_SOURCE;
				MTL_FAST_MATH = YES;
				ONLY_ACTIVE_ARCH = YES;
				SDKROOT = iphoneos;
				SWIFT_ACTIVE_COMPILATION_CONDITIONS = DEBUG;
				SWIFT_OPTIMIZATION_LEVEL = "-Onone";
			};
			name = Debug;
		};
		7C1E9B1622A860B600493882 /* Release */ = {
			isa = XCBuildConfiguration;
			buildSettings = {
				ALWAYS_SEARCH_USER_PATHS = NO;
				CLANG_ANALYZER_NONNULL = YES;
				CLANG_ANALYZER_NUMBER_OBJECT_CONVERSION = YES_AGGRESSIVE;
				CLANG_CXX_LANGUAGE_STANDARD = "gnu++14";
				CLANG_CXX_LIBRARY = "libc++";
				CLANG_ENABLE_MODULES = YES;
				CLANG_ENABLE_OBJC_ARC = YES;
				CLANG_ENABLE_OBJC_WEAK = YES;
				CLANG_WARN_BLOCK_CAPTURE_AUTORELEASING = YES;
				CLANG_WARN_BOOL_CONVERSION = YES;
				CLANG_WARN_COMMA = YES;
				CLANG_WARN_CONSTANT_CONVERSION = YES;
				CLANG_WARN_DEPRECATED_OBJC_IMPLEMENTATIONS = YES;
				CLANG_WARN_DIRECT_OBJC_ISA_USAGE = YES_ERROR;
				CLANG_WARN_DOCUMENTATION_COMMENTS = YES;
				CLANG_WARN_EMPTY_BODY = YES;
				CLANG_WARN_ENUM_CONVERSION = YES;
				CLANG_WARN_INFINITE_RECURSION = YES;
				CLANG_WARN_INT_CONVERSION = YES;
				CLANG_WARN_NON_LITERAL_NULL_CONVERSION = YES;
				CLANG_WARN_OBJC_IMPLICIT_RETAIN_SELF = YES;
				CLANG_WARN_OBJC_LITERAL_CONVERSION = YES;
				CLANG_WARN_OBJC_ROOT_CLASS = YES_ERROR;
				CLANG_WARN_RANGE_LOOP_ANALYSIS = YES;
				CLANG_WARN_STRICT_PROTOTYPES = YES;
				CLANG_WARN_SUSPICIOUS_MOVE = YES;
				CLANG_WARN_UNGUARDED_AVAILABILITY = YES_AGGRESSIVE;
				CLANG_WARN_UNREACHABLE_CODE = YES;
				CLANG_WARN__DUPLICATE_METHOD_MATCH = YES;
				COPY_PHASE_STRIP = NO;
				DEBUG_INFORMATION_FORMAT = "dwarf-with-dsym";
				ENABLE_NS_ASSERTIONS = NO;
				ENABLE_STRICT_OBJC_MSGSEND = YES;
				GCC_C_LANGUAGE_STANDARD = gnu11;
				GCC_NO_COMMON_BLOCKS = YES;
				GCC_WARN_64_TO_32_BIT_CONVERSION = YES;
				GCC_WARN_ABOUT_RETURN_TYPE = YES_ERROR;
				GCC_WARN_UNDECLARED_SELECTOR = YES;
				GCC_WARN_UNINITIALIZED_AUTOS = YES_AGGRESSIVE;
				GCC_WARN_UNUSED_FUNCTION = YES;
				GCC_WARN_UNUSED_VARIABLE = YES;
				IPHONEOS_DEPLOYMENT_TARGET = 13.0;
				MTL_ENABLE_DEBUG_INFO = NO;
				MTL_FAST_MATH = YES;
				SDKROOT = iphoneos;
				SWIFT_COMPILATION_MODE = wholemodule;
				SWIFT_OPTIMIZATION_LEVEL = "-O";
				VALIDATE_PRODUCT = YES;
			};
			name = Release;
		};
		7C1E9B1822A860B600493882 /* Debug */ = {
			isa = XCBuildConfiguration;
			buildSettings = {
				ASSETCATALOG_COMPILER_APPICON_NAME = AppIcon;
				CODE_SIGN_STYLE = Automatic;
				DEVELOPMENT_ASSET_PATHS = "swift-ui-training/Preview\\ Content";
				DEVELOPMENT_TEAM = MDWBDEPC5G;
				ENABLE_PREVIEWS = YES;
				INFOPLIST_FILE = "swift-ui-training/Info.plist";
				LD_RUNPATH_SEARCH_PATHS = (
					"$(inherited)",
					"@executable_path/Frameworks",
				);
				PRODUCT_BUNDLE_IDENTIFIER = "serglam.swift-ui-training";
				PRODUCT_NAME = "$(TARGET_NAME)";
				SWIFT_VERSION = 5.0;
				TARGETED_DEVICE_FAMILY = "1,2";
			};
			name = Debug;
		};
		7C1E9B1922A860B600493882 /* Release */ = {
			isa = XCBuildConfiguration;
			buildSettings = {
				ASSETCATALOG_COMPILER_APPICON_NAME = AppIcon;
				CODE_SIGN_STYLE = Automatic;
				DEVELOPMENT_ASSET_PATHS = "swift-ui-training/Preview\\ Content";
				DEVELOPMENT_TEAM = MDWBDEPC5G;
				ENABLE_PREVIEWS = YES;
				INFOPLIST_FILE = "swift-ui-training/Info.plist";
				LD_RUNPATH_SEARCH_PATHS = (
					"$(inherited)",
					"@executable_path/Frameworks",
				);
				PRODUCT_BUNDLE_IDENTIFIER = "serglam.swift-ui-training";
				PRODUCT_NAME = "$(TARGET_NAME)";
				SWIFT_VERSION = 5.0;
				TARGETED_DEVICE_FAMILY = "1,2";
			};
			name = Release;
		};
/* End XCBuildConfiguration section */

/* Begin XCConfigurationList section */
		7C1E9AFE22A860B500493882 /* Build configuration list for PBXProject "swift-ui-training" */ = {
			isa = XCConfigurationList;
			buildConfigurations = (
				7C1E9B1522A860B600493882 /* Debug */,
				7C1E9B1622A860B600493882 /* Release */,
			);
			defaultConfigurationIsVisible = 0;
			defaultConfigurationName = Release;
		};
		7C1E9B1722A860B600493882 /* Build configuration list for PBXNativeTarget "swift-ui-training" */ = {
			isa = XCConfigurationList;
			buildConfigurations = (
				7C1E9B1822A860B600493882 /* Debug */,
				7C1E9B1922A860B600493882 /* Release */,
			);
			defaultConfigurationIsVisible = 0;
			defaultConfigurationName = Release;
		};
/* End XCConfigurationList section */
	};
	rootObject = 7C1E9AFB22A860B500493882 /* Project object */;
}
