// !$*UTF8*$!
{
	archiveVersion = 1;
	classes = {
	};
	objectVersion = 50;
	objects = {

/* Begin PBXBuildFile section */
		7C1E9B0722A860B500493882 /* AppDelegate.swift in Sources */ = {isa = PBXBuildFile; fileRef = 7C1E9B0622A860B500493882 /* AppDelegate.swift */; };
		7C1E9B0922A860B500493882 /* SceneDelegate.swift in Sources */ = {isa = PBXBuildFile; fileRef = 7C1E9B0822A860B500493882 /* SceneDelegate.swift */; };
		7C1E9B0D22A860B600493882 /* Assets.xcassets in Resources */ = {isa = PBXBuildFile; fileRef = 7C1E9B0C22A860B600493882 /* Assets.xcassets */; };
		7C1E9B1022A860B600493882 /* Preview Assets.xcassets in Resources */ = {isa = PBXBuildFile; fileRef = 7C1E9B0F22A860B600493882 /* Preview Assets.xcassets */; };
		7C1E9B1322A860B600493882 /* LaunchScreen.storyboard in Resources */ = {isa = PBXBuildFile; fileRef = 7C1E9B1122A860B600493882 /* LaunchScreen.storyboard */; };
		9CBC45DC22AAAEED0081E9F0 /* CircleImage.swift in Sources */ = {isa = PBXBuildFile; fileRef = 9CBC45DB22AAAEED0081E9F0 /* CircleImage.swift */; };
		9CBC45DF22AAAF100081E9F0 /* ContentView.swift in Sources */ = {isa = PBXBuildFile; fileRef = 9CBC45DE22AAAF100081E9F0 /* ContentView.swift */; };
/* End PBXBuildFile section */

/* Begin PBXFileReference section */
		7C1E9B0322A860B500493882 /* swift-ui-training.app */ = {isa = PBXFileReference; explicitFileType = wrapper.application; includeInIndex = 0; path = "swift-ui-training.app"; sourceTree = BUILT_PRODUCTS_DIR; };
		7C1E9B0622A860B500493882 /* AppDelegate.swift */ = {isa = PBXFileReference; lastKnownFileType = sourcecode.swift; path = AppDelegate.swift; sourceTree = "<group>"; };
		7C1E9B0822A860B500493882 /* SceneDelegate.swift */ = {isa = PBXFileReference; lastKnownFileType = sourcecode.swift; path = SceneDelegate.swift; sourceTree = "<group>"; };
		7C1E9B0C22A860B600493882 /* Assets.xcassets */ = {isa = PBXFileReference; lastKnownFileType = folder.assetcatalog; path = Assets.xcassets; sourceTree = "<group>"; };
		7C1E9B0F22A860B600493882 /* Preview Assets.xcassets */ = {isa = PBXFileReference; lastKnownFileType = folder.assetcatalog; path = "Preview Assets.xcassets"; sourceTree = "<group>"; };
		7C1E9B1222A860B600493882 /* Base */ = {isa = PBXFileReference; lastKnownFileType = file.storyboard; name = Base; path = Base.lproj/LaunchScreen.storyboard; sourceTree = "<group>"; };
		7C1E9B1422A860B600493882 /* Info.plist */ = {isa = PBXFileReference; lastKnownFileType = text.plist.xml; path = Info.plist; sourceTree = "<group>"; };
		9CBC45DB22AAAEED0081E9F0 /* CircleImage.swift */ = {isa = PBXFileReference; fileEncoding = 4; lastKnownFileType = sourcecode.swift; path = CircleImage.swift; sourceTree = "<group>"; };
		9CBC45DE22AAAF100081E9F0 /* ContentView.swift */ = {isa = PBXFileReference; fileEncoding = 4; lastKnownFileType = sourcecode.swift; path = ContentView.swift; sourceTree = "<group>"; };
/* End PBXFileReference section */

/* Begin PBXFrameworksBuildPhase section */
		7C1E9B0022A860B500493882 /* Frameworks */ = {
			isa = PBXFrameworksBuildPhase;
			buildActionMask = 2147483647;
			files = (
			);
			runOnlyForDeploymentPostprocessing = 0;
		};
/* End PBXFrameworksBuildPhase section */

/* Begin PBXGroup section */
		7C1E9AFA22A860B500493882 = {
			isa = PBXGroup;
			children = (
				7C1E9B0522A860B500493882 /* swift-ui-training */,
				7C1E9B0422A860B500493882 /* Products */,
			);
			sourceTree = "<group>";
		};
		7C1E9B0422A860B500493882 /* Products */ = {
			isa = PBXGroup;
			children = (
				7C1E9B0322A860B500493882 /* swift-ui-training.app */,
			);
			name = Products;
			sourceTree = "<group>";
		};
		7C1E9B0522A860B500493882 /* swift-ui-training */ = {
			isa = PBXGroup;
			children = (
				9CBC45DD22AAAEF30081E9F0 /* ControllerViews */,
				9CBC45DA22AAAED10081E9F0 /* CustomViews */,
				7C1E9B0622A860B500493882 /* AppDelegate.swift */,
				7C1E9B0822A860B500493882 /* SceneDelegate.swift */,
				7C1E9B0C22A860B600493882 /* Assets.xcassets */,
				7C1E9B1122A860B600493882 /* LaunchScreen.storyboard */,
				7C1E9B1422A860B600493882 /* Info.plist */,
				7C1E9B0E22A860B600493882 /* Preview Content */,
			);
			path = "swift-ui-training";
			sourceTree = "<group>";
		};
		7C1E9B0E22A860B600493882 /* Preview Content */ = {
			isa = PBXGroup;
			children = (
				7C1E9B0F22A860B600493882 /* Preview Assets.xcassets */,
			);
			path = "Preview Content";
			sourceTree = "<group>";
		};
		9CBC45DA22AAAED10081E9F0 /* CustomViews */ = {
			isa = PBXGroup;
			children = (
				9CBC45DB22AAAEED0081E9F0 /* CircleImage.swift */,
			);
			path = CustomViews;
			sourceTree = "<group>";
		};
		9CBC45DD22AAAEF30081E9F0 /* ControllerViews */ = {
			isa = PBXGroup;
			children = (
				9CBC45DE22AAAF100081E9F0 /* ContentView.swift */,
			);
			path = ControllerViews;
			sourceTree = "<group>";
		};
/* End PBXGroup section */

/* Begin PBXNativeTarget section */
		7C1E9B0222A860B500493882 /* swift-ui-training */ = {
			isa = PBXNativeTarget;
			buildConfigurationList = 7C1E9B1722A860B600493882 /* Build configuration list for PBXNativeTarget "swift-ui-training" */;
			buildPhases = (
				7C1E9AFF22A860B500493882 /* Sources */,
				7C1E9B0022A860B500493882 /* Frameworks */,
				7C1E9B0122A860B500493882 /* Resources */,
			);
			buildRules = (
			);
			dependencies = (
			);
			name = "swift-ui-training";
			productName = "swift-ui-training";
			productReference = 7C1E9B0322A860B500493882 /* swift-ui-training.app */;
			productType = "com.apple.product-type.application";
		};
/* End PBXNativeTarget section */

/* Begin PBXProject section */
		7C1E9AFB22A860B500493882 /* Project object */ = {
			isa = PBXProject;
			attributes = {
				LastSwiftUpdateCheck = 1100;
				LastUpgradeCheck = 1100;
				ORGANIZATIONNAME = serglam;
				TargetAttributes = {
					7C1E9B0222A860B500493882 = {
						CreatedOnToolsVersion = 11.0;
					};
				};
			};
			buildConfigurationList = 7C1E9AFE22A860B500493882 /* Build configuration list for PBXProject "swift-ui-training" */;
			compatibilityVersion = "Xcode 9.3";
			developmentRegion = en;
			hasScannedForEncodings = 0;
			knownRegions = (
				en,
				Base,
			);
			mainGroup = 7C1E9AFA22A860B500493882;
			productRefGroup = 7C1E9B0422A860B500493882 /* Products */;
			projectDirPath = "";
			projectRoot = "";
			targets = (
				7C1E9B0222A860B500493882 /* swift-ui-training */,
			);
		};
/* End PBXProject section */

/* Begin PBXResourcesBuildPhase section */
		7C1E9B0122A860B500493882 /* Resources */ = {
			isa = PBXResourcesBuildPhase;
			buildActionMask = 2147483647;
			files = (
				7C1E9B1322A860B600493882 /* LaunchScreen.storyboard in Resources */,
				7C1E9B1022A860B600493882 /* Preview Assets.xcassets in Resources */,
				7C1E9B0D22A860B600493882 /* Assets.xcassets in Resources */,
			);
			runOnlyForDeploymentPostprocessing = 0;
		};
/* End PBXResourcesBuildPhase section */

/* Begin PBXSourcesBuildPhase section */
		7C1E9AFF22A860B500493882 /* Sources */ = {
			isa = PBXSourcesBuildPhase;
			buildActionMask = 2147483647;
			files = (
				7C1E9B0722A860B500493882 /* AppDelegate.swift in Sources */,
				7C1E9B0922A860B500493882 /* SceneDelegate.swift in Sources */,
				9CBC45DF22AAAF100081E9F0 /* ContentView.swift in Sources */,
				9CBC45DC22AAAEED0081E9F0 /* CircleImage.swift in Sources */,
			);
			runOnlyForDeploymentPostprocessing = 0;
		};
/* End PBXSourcesBuildPhase section */

/* Begin PBXVariantGroup section */
		7C1E9B1122A860B600493882 /* LaunchScreen.storyboard */ = {
			isa = PBXVariantGroup;
			children = (
				7C1E9B1222A860B600493882 /* Base */,
			);
			name = LaunchScreen.storyboard;
			sourceTree = "<group>";
		};
/* End PBXVariantGroup section */

/* Begin XCBuildConfiguration section */
		7C1E9B1522A860B600493882 /* Debug */ = {
			isa = XCBuildConfiguration;
			buildSettings = {
				ALWAYS_SEARCH_USER_PATHS = NO;
				CLANG_ANALYZER_NONNULL = YES;
				CLANG_ANALYZER_NUMBER_OBJECT_CONVERSION = YES_AGGRESSIVE;
				CLANG_CXX_LANGUAGE_STANDARD = "gnu++14";
				CLANG_CXX_LIBRARY = "libc++";
				CLANG_ENABLE_MODULES = YES;
				CLANG_ENABLE_OBJC_ARC = YES;
				CLANG_ENABLE_OBJC_WEAK = YES;
				CLANG_WARN_BLOCK_CAPTURE_AUTORELEASING = YES;
				CLANG_WARN_BOOL_CONVERSION = YES;
				CLANG_WARN_COMMA = YES;
				CLANG_WARN_CONSTANT_CONVERSION = YES;
				CLANG_WARN_DEPRECATED_OBJC_IMPLEMENTATIONS = YES;
				CLANG_WARN_DIRECT_OBJC_ISA_USAGE = YES_ERROR;
				CLANG_WARN_DOCUMENTATION_COMMENTS = YES;
				CLANG_WARN_EMPTY_BODY = YES;
				CLANG_WARN_ENUM_CONVERSION = YES;
				CLANG_WARN_INFINITE_RECURSION = YES;
				CLANG_WARN_INT_CONVERSION = YES;
				CLANG_WARN_NON_LITERAL_NULL_CONVERSION = YES;
				CLANG_WARN_OBJC_IMPLICIT_RETAIN_SELF = YES;
				CLANG_WARN_OBJC_LITERAL_CONVERSION = YES;
				CLANG_WARN_OBJC_ROOT_CLASS = YES_ERROR;
				CLANG_WARN_RANGE_LOOP_ANALYSIS = YES;
				CLANG_WARN_STRICT_PROTOTYPES = YES;
				CLANG_WARN_SUSPICIOUS_MOVE = YES;
				CLANG_WARN_UNGUARDED_AVAILABILITY = YES_AGGRESSIVE;
				CLANG_WARN_UNREACHABLE_CODE = YES;
				CLANG_WARN__DUPLICATE_METHOD_MATCH = YES;
				COPY_PHASE_STRIP = NO;
				DEBUG_INFORMATION_FORMAT = dwarf;
				ENABLE_STRICT_OBJC_MSGSEND = YES;
				ENABLE_TESTABILITY = YES;
				GCC_C_LANGUAGE_STANDARD = gnu11;
				GCC_DYNAMIC_NO_PIC = NO;
				GCC_NO_COMMON_BLOCKS = YES;
				GCC_OPTIMIZATION_LEVEL = 0;
				GCC_PREPROCESSOR_DEFINITIONS = (
					"DEBUG=1",
					"$(inherited)",
				);
				GCC_WARN_64_TO_32_BIT_CONVERSION = YES;
				GCC_WARN_ABOUT_RETURN_TYPE = YES_ERROR;
				GCC_WARN_UNDECLARED_SELECTOR = YES;
				GCC_WARN_UNINITIALIZED_AUTOS = YES_AGGRESSIVE;
				GCC_WARN_UNUSED_FUNCTION = YES;
				GCC_WARN_UNUSED_VARIABLE = YES;
				IPHONEOS_DEPLOYMENT_TARGET = 13.0;
				MTL_ENABLE_DEBUG_INFO = INCLUDE_SOURCE;
				MTL_FAST_MATH = YES;
				ONLY_ACTIVE_ARCH = YES;
				SDKROOT = iphoneos;
				SWIFT_ACTIVE_COMPILATION_CONDITIONS = DEBUG;
				SWIFT_OPTIMIZATION_LEVEL = "-Onone";
			};
			name = Debug;
		};
		7C1E9B1622A860B600493882 /* Release */ = {
			isa = XCBuildConfiguration;
			buildSettings = {
				ALWAYS_SEARCH_USER_PATHS = NO;
				CLANG_ANALYZER_NONNULL = YES;
				CLANG_ANALYZER_NUMBER_OBJECT_CONVERSION = YES_AGGRESSIVE;
				CLANG_CXX_LANGUAGE_STANDARD = "gnu++14";
				CLANG_CXX_LIBRARY = "libc++";
				CLANG_ENABLE_MODULES = YES;
				CLANG_ENABLE_OBJC_ARC = YES;
				CLANG_ENABLE_OBJC_WEAK = YES;
				CLANG_WARN_BLOCK_CAPTURE_AUTORELEASING = YES;
				CLANG_WARN_BOOL_CONVERSION = YES;
				CLANG_WARN_COMMA = YES;
				CLANG_WARN_CONSTANT_CONVERSION = YES;
				CLANG_WARN_DEPRECATED_OBJC_IMPLEMENTATIONS = YES;
				CLANG_WARN_DIRECT_OBJC_ISA_USAGE = YES_ERROR;
				CLANG_WARN_DOCUMENTATION_COMMENTS = YES;
				CLANG_WARN_EMPTY_BODY = YES;
				CLANG_WARN_ENUM_CONVERSION = YES;
				CLANG_WARN_INFINITE_RECURSION = YES;
				CLANG_WARN_INT_CONVERSION = YES;
				CLANG_WARN_NON_LITERAL_NULL_CONVERSION = YES;
				CLANG_WARN_OBJC_IMPLICIT_RETAIN_SELF = YES;
				CLANG_WARN_OBJC_LITERAL_CONVERSION = YES;
				CLANG_WARN_OBJC_ROOT_CLASS = YES_ERROR;
				CLANG_WARN_RANGE_LOOP_ANALYSIS = YES;
				CLANG_WARN_STRICT_PROTOTYPES = YES;
				CLANG_WARN_SUSPICIOUS_MOVE = YES;
				CLANG_WARN_UNGUARDED_AVAILABILITY = YES_AGGRESSIVE;
				CLANG_WARN_UNREACHABLE_CODE = YES;
				CLANG_WARN__DUPLICATE_METHOD_MATCH = YES;
				COPY_PHASE_STRIP = NO;
				DEBUG_INFORMATION_FORMAT = "dwarf-with-dsym";
				ENABLE_NS_ASSERTIONS = NO;
				ENABLE_STRICT_OBJC_MSGSEND = YES;
				GCC_C_LANGUAGE_STANDARD = gnu11;
				GCC_NO_COMMON_BLOCKS = YES;
				GCC_WARN_64_TO_32_BIT_CONVERSION = YES;
				GCC_WARN_ABOUT_RETURN_TYPE = YES_ERROR;
				GCC_WARN_UNDECLARED_SELECTOR = YES;
				GCC_WARN_UNINITIALIZED_AUTOS = YES_AGGRESSIVE;
				GCC_WARN_UNUSED_FUNCTION = YES;
				GCC_WARN_UNUSED_VARIABLE = YES;
				IPHONEOS_DEPLOYMENT_TARGET = 13.0;
				MTL_ENABLE_DEBUG_INFO = NO;
				MTL_FAST_MATH = YES;
				SDKROOT = iphoneos;
				SWIFT_COMPILATION_MODE = wholemodule;
				SWIFT_OPTIMIZATION_LEVEL = "-O";
				VALIDATE_PRODUCT = YES;
			};
			name = Release;
		};
		7C1E9B1822A860B600493882 /* Debug */ = {
			isa = XCBuildConfiguration;
			buildSettings = {
				ASSETCATALOG_COMPILER_APPICON_NAME = AppIcon;
				CODE_SIGN_STYLE = Automatic;
				DEVELOPMENT_ASSET_PATHS = "swift-ui-training/Preview\\ Content";
				DEVELOPMENT_TEAM = MDWBDEPC5G;
				ENABLE_PREVIEWS = YES;
				INFOPLIST_FILE = "swift-ui-training/Info.plist";
				LD_RUNPATH_SEARCH_PATHS = (
					"$(inherited)",
					"@executable_path/Frameworks",
				);
				PRODUCT_BUNDLE_IDENTIFIER = "serglam.swift-ui-training";
				PRODUCT_NAME = "$(TARGET_NAME)";
				SWIFT_VERSION = 5.0;
				TARGETED_DEVICE_FAMILY = "1,2";
			};
			name = Debug;
		};
		7C1E9B1922A860B600493882 /* Release */ = {
			isa = XCBuildConfiguration;
			buildSettings = {
				ASSETCATALOG_COMPILER_APPICON_NAME = AppIcon;
				CODE_SIGN_STYLE = Automatic;
				DEVELOPMENT_ASSET_PATHS = "swift-ui-training/Preview\\ Content";
				DEVELOPMENT_TEAM = MDWBDEPC5G;
				ENABLE_PREVIEWS = YES;
				INFOPLIST_FILE = "swift-ui-training/Info.plist";
				LD_RUNPATH_SEARCH_PATHS = (
					"$(inherited)",
					"@executable_path/Frameworks",
				);
				PRODUCT_BUNDLE_IDENTIFIER = "serglam.swift-ui-training";
				PRODUCT_NAME = "$(TARGET_NAME)";
				SWIFT_VERSION = 5.0;
				TARGETED_DEVICE_FAMILY = "1,2";
			};
			name = Release;
		};
/* End XCBuildConfiguration section */

/* Begin XCConfigurationList section */
		7C1E9AFE22A860B500493882 /* Build configuration list for PBXProject "swift-ui-training" */ = {
			isa = XCConfigurationList;
			buildConfigurations = (
				7C1E9B1522A860B600493882 /* Debug */,
				7C1E9B1622A860B600493882 /* Release */,
			);
			defaultConfigurationIsVisible = 0;
			defaultConfigurationName = Release;
		};
		7C1E9B1722A860B600493882 /* Build configuration list for PBXNativeTarget "swift-ui-training" */ = {
			isa = XCConfigurationList;
			buildConfigurations = (
				7C1E9B1822A860B600493882 /* Debug */,
				7C1E9B1922A860B600493882 /* Release */,
			);
			defaultConfigurationIsVisible = 0;
			defaultConfigurationName = Release;
		};
/* End XCConfigurationList section */
	};
	rootObject = 7C1E9AFB22A860B500493882 /* Project object */;
}
